github.com/goplus/lib v0.6.1 h1:OrHX3lBRsK3u5Vh045bkPvCoYHXhLmEqPCINHT6qA6Y=
github.com/goplus/lib v0.6.1/go.mod h1:0krESx2ZyKMlgNp3oUMob++WJYR5a1PpubjSmMjnP0c=
github.com/llarhub/libcxx v0.2.2 h1:O9PK9XyfsZVkFxmpucMt5I2Z0sDktLfRgBijXwz4mFs=
github.com/llarhub/libcxx v0.2.2/go.mod h1:C6A2ob8w8qXg7+r5fQFDt6zwLA1TcRQWmDIv3j9ireY=
github.com/llarhub/llvm-c v0.6.1 h1:GG+IWUFwwxy+QbG9LG8Cj48ZssYKXQ6g2qRQy2kRQj8=
github.com/llarhub/llvm-c v0.6.1/go.mod h1:HKsON0CBif7MD90J2tlzmVsn7UuLTqMREqYISmX4L3c=
